
Microsoft Visual Studio Solution File, Format Version 11.00
# Visual Studio 2010
Project("{FAE04EC0-301F-11D3-BF4B-00C04F79EFBC}") = "Paydunya", "Paydunya\Paydunya.csproj", "{F3683607-405C-43A4-BC59-074663A636E1}"
EndProject
Global
	GlobalSection(SolutionConfigurationPlatforms) = preSolution
		Debug|Any CPU = Debug|Any CPU
		Release|Any CPU = Release|Any CPU
	EndGlobalSection
	GlobalSection(ProjectConfigurationPlatforms) = postSolution
		{F3683607-405C-43A4-BC59-074663A636E1}.Debug|Any CPU.ActiveCfg = Debug|Any CPU
		{F3683607-405C-43A4-BC59-074663A636E1}.Debug|Any CPU.Build.0 = Debug|Any CPU
		{F3683607-405C-43A4-BC59-074663A636E1}.Release|Any CPU.ActiveCfg = Release|Any CPU
		{F3683607-405C-43A4-BC59-074663A636E1}.Release|Any CPU.Build.0 = Release|Any CPU
	EndGlobalSection
	GlobalSection(SolutionProperties) = preSolution
		HideSolutionNode = FALSE
	EndGlobalSection
EndGlobal
